// !$*UTF8*$!
{
	archiveVersion = 1;
	classes = {
	};
	objectVersion = 48;
	objects = {

/* Begin PBXBuildFile section */
		1884858B1FE0C09600295EB5 /* AppDelegate.m in Sources */ = {isa = PBXBuildFile; fileRef = 1884858A1FE0C09600295EB5 /* AppDelegate.m */; };
		1884858E1FE0C09600295EB5 /* ViewController.m in Sources */ = {isa = PBXBuildFile; fileRef = 1884858D1FE0C09600295EB5 /* ViewController.m */; };
		188485911FE0C09600295EB5 /* Main.storyboard in Resources */ = {isa = PBXBuildFile; fileRef = 1884858F1FE0C09600295EB5 /* Main.storyboard */; };
		188485931FE0C09600295EB5 /* Assets.xcassets in Resources */ = {isa = PBXBuildFile; fileRef = 188485921FE0C09600295EB5 /* Assets.xcassets */; };
		188485961FE0C09600295EB5 /* LaunchScreen.storyboard in Resources */ = {isa = PBXBuildFile; fileRef = 188485941FE0C09600295EB5 /* LaunchScreen.storyboard */; };
		188485991FE0C09600295EB5 /* main.m in Sources */ = {isa = PBXBuildFile; fileRef = 188485981FE0C09600295EB5 /* main.m */; };
		188485A31FE0C09600295EB5 /* iOS_CALayerTests.m in Sources */ = {isa = PBXBuildFile; fileRef = 188485A21FE0C09600295EB5 /* iOS_CALayerTests.m */; };
		188485AE1FE0C09600295EB5 /* iOS_CALayerUITests.m in Sources */ = {isa = PBXBuildFile; fileRef = 188485AD1FE0C09600295EB5 /* iOS_CALayerUITests.m */; };
		188485C11FE0C22E00295EB5 /* PaySuccessView.m in Sources */ = {isa = PBXBuildFile; fileRef = 188485C01FE0C22E00295EB5 /* PaySuccessView.m */; };
		188485C61FE10E5F00295EB5 /* InstrumentProgressView.m in Sources */ = {isa = PBXBuildFile; fileRef = 188485C51FE10E5F00295EB5 /* InstrumentProgressView.m */; };
		188485C91FE1106E00295EB5 /* TableViewController.m in Sources */ = {isa = PBXBuildFile; fileRef = 188485C81FE1106E00295EB5 /* TableViewController.m */; };
		188485E31FE65D0200295EB5 /* WaveView.m in Sources */ = {isa = PBXBuildFile; fileRef = 188485E21FE65D0200295EB5 /* WaveView.m */; };
		188485E61FE686CB00295EB5 /* CircleWaitingView.m in Sources */ = {isa = PBXBuildFile; fileRef = 188485E51FE686CB00295EB5 /* CircleWaitingView.m */; };
		188485EF1FE7FEF500295EB5 /* RainView.m in Sources */ = {isa = PBXBuildFile; fileRef = 188485EE1FE7FEF500295EB5 /* RainView.m */; };
		188485F21FE8A2F200295EB5 /* TextLayerView.m in Sources */ = {isa = PBXBuildFile; fileRef = 188485F11FE8A2F200295EB5 /* TextLayerView.m */; };
		188485F41FE8AC7A00295EB5 /* snow.png in Resources */ = {isa = PBXBuildFile; fileRef = 188485F31FE8AC7900295EB5 /* snow.png */; };
		188485F71FE8AC9C00295EB5 /* TiledLayerView.m in Sources */ = {isa = PBXBuildFile; fileRef = 188485F61FE8AC9C00295EB5 /* TiledLayerView.m */; };
		188485FA1FE8E32900295EB5 /* TransformView.m in Sources */ = {isa = PBXBuildFile; fileRef = 188485F91FE8E32900295EB5 /* TransformView.m */; };
		226702D8AFA72FC55C861828 /* libPods-iOS_CALayer.a in Frameworks */ = {isa = PBXBuildFile; fileRef = 06D84B7EB027535CAAEAD255 /* libPods-iOS_CALayer.a */; };
/* End PBXBuildFile section */

/* Begin PBXContainerItemProxy section */
		1884859F1FE0C09600295EB5 /* PBXContainerItemProxy */ = {
			isa = PBXContainerItemProxy;
			containerPortal = 1884857E1FE0C09600295EB5 /* Project object */;
			proxyType = 1;
			remoteGlobalIDString = 188485851FE0C09600295EB5;
			remoteInfo = iOS_CALayer;
		};
		188485AA1FE0C09600295EB5 /* PBXContainerItemProxy */ = {
			isa = PBXContainerItemProxy;
			containerPortal = 1884857E1FE0C09600295EB5 /* Project object */;
			proxyType = 1;
			remoteGlobalIDString = 188485851FE0C09600295EB5;
			remoteInfo = iOS_CALayer;
		};
/* End PBXContainerItemProxy section */

/* Begin PBXFileReference section */
		06D84B7EB027535CAAEAD255 /* libPods-iOS_CALayer.a */ = {isa = PBXFileReference; explicitFileType = archive.ar; includeInIndex = 0; path = "libPods-iOS_CALayer.a"; sourceTree = BUILT_PRODUCTS_DIR; };
		188485861FE0C09600295EB5 /* iOS_CALayer.app */ = {isa = PBXFileReference; explicitFileType = wrapper.application; includeInIndex = 0; path = iOS_CALayer.app; sourceTree = BUILT_PRODUCTS_DIR; };
		188485891FE0C09600295EB5 /* AppDelegate.h */ = {isa = PBXFileReference; lastKnownFileType = sourcecode.c.h; path = AppDelegate.h; sourceTree = "<group>"; };
		1884858A1FE0C09600295EB5 /* AppDelegate.m */ = {isa = PBXFileReference; lastKnownFileType = sourcecode.c.objc; path = AppDelegate.m; sourceTree = "<group>"; };
		1884858C1FE0C09600295EB5 /* ViewController.h */ = {isa = PBXFileReference; lastKnownFileType = sourcecode.c.h; path = ViewController.h; sourceTree = "<group>"; };
		1884858D1FE0C09600295EB5 /* ViewController.m */ = {isa = PBXFileReference; lastKnownFileType = sourcecode.c.objc; path = ViewController.m; sourceTree = "<group>"; };
		188485901FE0C09600295EB5 /* Base */ = {isa = PBXFileReference; lastKnownFileType = file.storyboard; name = Base; path = Base.lproj/Main.storyboard; sourceTree = "<group>"; };
		188485921FE0C09600295EB5 /* Assets.xcassets */ = {isa = PBXFileReference; lastKnownFileType = folder.assetcatalog; path = Assets.xcassets; sourceTree = "<group>"; };
		188485951FE0C09600295EB5 /* Base */ = {isa = PBXFileReference; lastKnownFileType = file.storyboard; name = Base; path = Base.lproj/LaunchScreen.storyboard; sourceTree = "<group>"; };
		188485971FE0C09600295EB5 /* Info.plist */ = {isa = PBXFileReference; lastKnownFileType = text.plist.xml; path = Info.plist; sourceTree = "<group>"; };
		188485981FE0C09600295EB5 /* main.m */ = {isa = PBXFileReference; lastKnownFileType = sourcecode.c.objc; path = main.m; sourceTree = "<group>"; };
		1884859E1FE0C09600295EB5 /* iOS_CALayerTests.xctest */ = {isa = PBXFileReference; explicitFileType = wrapper.cfbundle; includeInIndex = 0; path = iOS_CALayerTests.xctest; sourceTree = BUILT_PRODUCTS_DIR; };
		188485A21FE0C09600295EB5 /* iOS_CALayerTests.m */ = {isa = PBXFileReference; lastKnownFileType = sourcecode.c.objc; path = iOS_CALayerTests.m; sourceTree = "<group>"; };
		188485A41FE0C09600295EB5 /* Info.plist */ = {isa = PBXFileReference; lastKnownFileType = text.plist.xml; path = Info.plist; sourceTree = "<group>"; };
		188485A91FE0C09600295EB5 /* iOS_CALayerUITests.xctest */ = {isa = PBXFileReference; explicitFileType = wrapper.cfbundle; includeInIndex = 0; path = iOS_CALayerUITests.xctest; sourceTree = BUILT_PRODUCTS_DIR; };
		188485AD1FE0C09600295EB5 /* iOS_CALayerUITests.m */ = {isa = PBXFileReference; lastKnownFileType = sourcecode.c.objc; path = iOS_CALayerUITests.m; sourceTree = "<group>"; };
		188485AF1FE0C09600295EB5 /* Info.plist */ = {isa = PBXFileReference; lastKnownFileType = text.plist.xml; path = Info.plist; sourceTree = "<group>"; };
		188485BF1FE0C22E00295EB5 /* PaySuccessView.h */ = {isa = PBXFileReference; lastKnownFileType = sourcecode.c.h; path = PaySuccessView.h; sourceTree = "<group>"; };
		188485C01FE0C22E00295EB5 /* PaySuccessView.m */ = {isa = PBXFileReference; lastKnownFileType = sourcecode.c.objc; path = PaySuccessView.m; sourceTree = "<group>"; };
		188485C41FE10E5F00295EB5 /* InstrumentProgressView.h */ = {isa = PBXFileReference; fileEncoding = 4; lastKnownFileType = sourcecode.c.h; path = InstrumentProgressView.h; sourceTree = "<group>"; };
		188485C51FE10E5F00295EB5 /* InstrumentProgressView.m */ = {isa = PBXFileReference; fileEncoding = 4; lastKnownFileType = sourcecode.c.objc; path = InstrumentProgressView.m; sourceTree = "<group>"; };
		188485C71FE1106E00295EB5 /* TableViewController.h */ = {isa = PBXFileReference; lastKnownFileType = sourcecode.c.h; path = TableViewController.h; sourceTree = "<group>"; };
		188485C81FE1106E00295EB5 /* TableViewController.m */ = {isa = PBXFileReference; lastKnownFileType = sourcecode.c.objc; path = TableViewController.m; sourceTree = "<group>"; };
		188485E11FE65D0200295EB5 /* WaveView.h */ = {isa = PBXFileReference; lastKnownFileType = sourcecode.c.h; path = WaveView.h; sourceTree = "<group>"; };
		188485E21FE65D0200295EB5 /* WaveView.m */ = {isa = PBXFileReference; lastKnownFileType = sourcecode.c.objc; path = WaveView.m; sourceTree = "<group>"; };
		188485E41FE686CB00295EB5 /* CircleWaitingView.h */ = {isa = PBXFileReference; lastKnownFileType = sourcecode.c.h; path = CircleWaitingView.h; sourceTree = "<group>"; };
		188485E51FE686CB00295EB5 /* CircleWaitingView.m */ = {isa = PBXFileReference; lastKnownFileType = sourcecode.c.objc; path = CircleWaitingView.m; sourceTree = "<group>"; };
		188485ED1FE7FEF500295EB5 /* RainView.h */ = {isa = PBXFileReference; lastKnownFileType = sourcecode.c.h; path = RainView.h; sourceTree = "<group>"; };
		188485EE1FE7FEF500295EB5 /* RainView.m */ = {isa = PBXFileReference; lastKnownFileType = sourcecode.c.objc; path = RainView.m; sourceTree = "<group>"; };
		188485F01FE8A2F200295EB5 /* TextLayerView.h */ = {isa = PBXFileReference; lastKnownFileType = sourcecode.c.h; path = TextLayerView.h; sourceTree = "<group>"; };
		188485F11FE8A2F200295EB5 /* TextLayerView.m */ = {isa = PBXFileReference; lastKnownFileType = sourcecode.c.objc; path = TextLayerView.m; sourceTree = "<group>"; };
		188485F31FE8AC7900295EB5 /* snow.png */ = {isa = PBXFileReference; lastKnownFileType = image.png; path = snow.png; sourceTree = "<group>"; };
		188485F51FE8AC9C00295EB5 /* TiledLayerView.h */ = {isa = PBXFileReference; lastKnownFileType = sourcecode.c.h; path = TiledLayerView.h; sourceTree = "<group>"; };
		188485F61FE8AC9C00295EB5 /* TiledLayerView.m */ = {isa = PBXFileReference; lastKnownFileType = sourcecode.c.objc; path = TiledLayerView.m; sourceTree = "<group>"; };
		188485F81FE8E32900295EB5 /* TransformView.h */ = {isa = PBXFileReference; lastKnownFileType = sourcecode.c.h; path = TransformView.h; sourceTree = "<group>"; };
		188485F91FE8E32900295EB5 /* TransformView.m */ = {isa = PBXFileReference; lastKnownFileType = sourcecode.c.objc; path = TransformView.m; sourceTree = "<group>"; };
		4C0474F4661DCF156B15930B /* Pods-iOS_CALayer.debug.xcconfig */ = {isa = PBXFileReference; includeInIndex = 1; lastKnownFileType = text.xcconfig; name = "Pods-iOS_CALayer.debug.xcconfig"; path = "Pods/Target Support Files/Pods-iOS_CALayer/Pods-iOS_CALayer.debug.xcconfig"; sourceTree = "<group>"; };
		8296094A6AF33C34546BE45D /* Pods-iOS_CALayer.release.xcconfig */ = {isa = PBXFileReference; includeInIndex = 1; lastKnownFileType = text.xcconfig; name = "Pods-iOS_CALayer.release.xcconfig"; path = "Pods/Target Support Files/Pods-iOS_CALayer/Pods-iOS_CALayer.release.xcconfig"; sourceTree = "<group>"; };
/* End PBXFileReference section */

/* Begin PBXFrameworksBuildPhase section */
		188485831FE0C09600295EB5 /* Frameworks */ = {
			isa = PBXFrameworksBuildPhase;
			buildActionMask = 2147483647;
			files = (
				226702D8AFA72FC55C861828 /* libPods-iOS_CALayer.a in Frameworks */,
			);
			runOnlyForDeploymentPostprocessing = 0;
		};
		1884859B1FE0C09600295EB5 /* Frameworks */ = {
			isa = PBXFrameworksBuildPhase;
			buildActionMask = 2147483647;
			files = (
			);
			runOnlyForDeploymentPostprocessing = 0;
		};
		188485A61FE0C09600295EB5 /* Frameworks */ = {
			isa = PBXFrameworksBuildPhase;
			buildActionMask = 2147483647;
			files = (
			);
			runOnlyForDeploymentPostprocessing = 0;
		};
/* End PBXFrameworksBuildPhase section */

/* Begin PBXGroup section */
		1884857D1FE0C09600295EB5 = {
			isa = PBXGroup;
			children = (
				188485881FE0C09600295EB5 /* iOS_CALayer */,
				188485A11FE0C09600295EB5 /* iOS_CALayerTests */,
				188485AC1FE0C09600295EB5 /* iOS_CALayerUITests */,
				188485871FE0C09600295EB5 /* Products */,
				5F9C264ADD2ACAE845654CD1 /* Pods */,
				A88A7C42AD7E99DC884074BF /* Frameworks */,
			);
			sourceTree = "<group>";
		};
		188485871FE0C09600295EB5 /* Products */ = {
			isa = PBXGroup;
			children = (
				188485861FE0C09600295EB5 /* iOS_CALayer.app */,
				1884859E1FE0C09600295EB5 /* iOS_CALayerTests.xctest */,
				188485A91FE0C09600295EB5 /* iOS_CALayerUITests.xctest */,
			);
			name = Products;
			sourceTree = "<group>";
		};
		188485881FE0C09600295EB5 /* iOS_CALayer */ = {
			isa = PBXGroup;
			children = (
				188485EA1FE7EF1800295EB5 /* Resource */,
				188485BB1FE0C1B900295EB5 /* CustomView */,
				188485891FE0C09600295EB5 /* AppDelegate.h */,
				1884858A1FE0C09600295EB5 /* AppDelegate.m */,
				1884858C1FE0C09600295EB5 /* ViewController.h */,
				1884858D1FE0C09600295EB5 /* ViewController.m */,
				1884858F1FE0C09600295EB5 /* Main.storyboard */,
				188485921FE0C09600295EB5 /* Assets.xcassets */,
				188485941FE0C09600295EB5 /* LaunchScreen.storyboard */,
				188485971FE0C09600295EB5 /* Info.plist */,
				188485981FE0C09600295EB5 /* main.m */,
				188485C71FE1106E00295EB5 /* TableViewController.h */,
				188485C81FE1106E00295EB5 /* TableViewController.m */,
			);
			path = iOS_CALayer;
			sourceTree = "<group>";
		};
		188485A11FE0C09600295EB5 /* iOS_CALayerTests */ = {
			isa = PBXGroup;
			children = (
				188485A21FE0C09600295EB5 /* iOS_CALayerTests.m */,
				188485A41FE0C09600295EB5 /* Info.plist */,
			);
			path = iOS_CALayerTests;
			sourceTree = "<group>";
		};
		188485AC1FE0C09600295EB5 /* iOS_CALayerUITests */ = {
			isa = PBXGroup;
			children = (
				188485AD1FE0C09600295EB5 /* iOS_CALayerUITests.m */,
				188485AF1FE0C09600295EB5 /* Info.plist */,
			);
			path = iOS_CALayerUITests;
			sourceTree = "<group>";
		};
		188485BB1FE0C1B900295EB5 /* CustomView */ = {
			isa = PBXGroup;
			children = (
				188485C41FE10E5F00295EB5 /* InstrumentProgressView.h */,
				188485C51FE10E5F00295EB5 /* InstrumentProgressView.m */,
				188485BF1FE0C22E00295EB5 /* PaySuccessView.h */,
				188485C01FE0C22E00295EB5 /* PaySuccessView.m */,
				188485E11FE65D0200295EB5 /* WaveView.h */,
				188485E21FE65D0200295EB5 /* WaveView.m */,
				188485E41FE686CB00295EB5 /* CircleWaitingView.h */,
				188485E51FE686CB00295EB5 /* CircleWaitingView.m */,
				188485ED1FE7FEF500295EB5 /* RainView.h */,
				188485EE1FE7FEF500295EB5 /* RainView.m */,
				188485F01FE8A2F200295EB5 /* TextLayerView.h */,
				188485F11FE8A2F200295EB5 /* TextLayerView.m */,
				188485F51FE8AC9C00295EB5 /* TiledLayerView.h */,
				188485F61FE8AC9C00295EB5 /* TiledLayerView.m */,
				188485F81FE8E32900295EB5 /* TransformView.h */,
				188485F91FE8E32900295EB5 /* TransformView.m */,
			);
			path = CustomView;
			sourceTree = "<group>";
		};
		188485EA1FE7EF1800295EB5 /* Resource */ = {
			isa = PBXGroup;
			children = (
				188485F31FE8AC7900295EB5 /* snow.png */,
			);
			path = Resource;
			sourceTree = "<group>";
		};
		5F9C264ADD2ACAE845654CD1 /* Pods */ = {
			isa = PBXGroup;
			children = (
				4C0474F4661DCF156B15930B /* Pods-iOS_CALayer.debug.xcconfig */,
				8296094A6AF33C34546BE45D /* Pods-iOS_CALayer.release.xcconfig */,
			);
			name = Pods;
			sourceTree = "<group>";
		};
		A88A7C42AD7E99DC884074BF /* Frameworks */ = {
			isa = PBXGroup;
			children = (
				06D84B7EB027535CAAEAD255 /* libPods-iOS_CALayer.a */,
			);
			name = Frameworks;
			sourceTree = "<group>";
		};
/* End PBXGroup section */

/* Begin PBXNativeTarget section */
		188485851FE0C09600295EB5 /* iOS_CALayer */ = {
			isa = PBXNativeTarget;
			buildConfigurationList = 188485B21FE0C09600295EB5 /* Build configuration list for PBXNativeTarget "iOS_CALayer" */;
			buildPhases = (
				E42DBBB13D1FDD4A9E4C7ED6 /* [CP] Check Pods Manifest.lock */,
				188485821FE0C09600295EB5 /* Sources */,
				188485831FE0C09600295EB5 /* Frameworks */,
				188485841FE0C09600295EB5 /* Resources */,
				CF90093783D44B174C8D2823 /* [CP] Embed Pods Frameworks */,
				F020EE877E7D43102177D6C3 /* [CP] Copy Pods Resources */,
			);
			buildRules = (
			);
			dependencies = (
			);
			name = iOS_CALayer;
			productName = iOS_CALayer;
			productReference = 188485861FE0C09600295EB5 /* iOS_CALayer.app */;
			productType = "com.apple.product-type.application";
		};
		1884859D1FE0C09600295EB5 /* iOS_CALayerTests */ = {
			isa = PBXNativeTarget;
			buildConfigurationList = 188485B51FE0C09600295EB5 /* Build configuration list for PBXNativeTarget "iOS_CALayerTests" */;
			buildPhases = (
				1884859A1FE0C09600295EB5 /* Sources */,
				1884859B1FE0C09600295EB5 /* Frameworks */,
				1884859C1FE0C09600295EB5 /* Resources */,
			);
			buildRules = (
			);
			dependencies = (
				188485A01FE0C09600295EB5 /* PBXTargetDependency */,
			);
			name = iOS_CALayerTests;
			productName = iOS_CALayerTests;
			productReference = 1884859E1FE0C09600295EB5 /* iOS_CALayerTests.xctest */;
			productType = "com.apple.product-type.bundle.unit-test";
		};
		188485A81FE0C09600295EB5 /* iOS_CALayerUITests */ = {
			isa = PBXNativeTarget;
			buildConfigurationList = 188485B81FE0C09600295EB5 /* Build configuration list for PBXNativeTarget "iOS_CALayerUITests" */;
			buildPhases = (
				188485A51FE0C09600295EB5 /* Sources */,
				188485A61FE0C09600295EB5 /* Frameworks */,
				188485A71FE0C09600295EB5 /* Resources */,
			);
			buildRules = (
			);
			dependencies = (
				188485AB1FE0C09600295EB5 /* PBXTargetDependency */,
			);
			name = iOS_CALayerUITests;
			productName = iOS_CALayerUITests;
			productReference = 188485A91FE0C09600295EB5 /* iOS_CALayerUITests.xctest */;
			productType = "com.apple.product-type.bundle.ui-testing";
		};
/* End PBXNativeTarget section */

/* Begin PBXProject section */
		1884857E1FE0C09600295EB5 /* Project object */ = {
			isa = PBXProject;
			attributes = {
				LastUpgradeCheck = 0910;
				ORGANIZATIONNAME = grass;
				TargetAttributes = {
					188485851FE0C09600295EB5 = {
						CreatedOnToolsVersion = 9.1;
						ProvisioningStyle = Automatic;
					};
					1884859D1FE0C09600295EB5 = {
						CreatedOnToolsVersion = 9.1;
						ProvisioningStyle = Automatic;
						TestTargetID = 188485851FE0C09600295EB5;
					};
					188485A81FE0C09600295EB5 = {
						CreatedOnToolsVersion = 9.1;
						ProvisioningStyle = Automatic;
						TestTargetID = 188485851FE0C09600295EB5;
					};
				};
			};
			buildConfigurationList = 188485811FE0C09600295EB5 /* Build configuration list for PBXProject "iOS_CALayer" */;
			compatibilityVersion = "Xcode 8.0";
			developmentRegion = en;
			hasScannedForEncodings = 0;
			knownRegions = (
				en,
				Base,
			);
			mainGroup = 1884857D1FE0C09600295EB5;
			productRefGroup = 188485871FE0C09600295EB5 /* Products */;
			projectDirPath = "";
			projectRoot = "";
			targets = (
				188485851FE0C09600295EB5 /* iOS_CALayer */,
				1884859D1FE0C09600295EB5 /* iOS_CALayerTests */,
				188485A81FE0C09600295EB5 /* iOS_CALayerUITests */,
			);
		};
/* End PBXProject section */

/* Begin PBXResourcesBuildPhase section */
		188485841FE0C09600295EB5 /* Resources */ = {
			isa = PBXResourcesBuildPhase;
			buildActionMask = 2147483647;
			files = (
				188485961FE0C09600295EB5 /* LaunchScreen.storyboard in Resources */,
				188485F41FE8AC7A00295EB5 /* snow.png in Resources */,
				188485931FE0C09600295EB5 /* Assets.xcassets in Resources */,
				188485911FE0C09600295EB5 /* Main.storyboard in Resources */,
			);
			runOnlyForDeploymentPostprocessing = 0;
		};
		1884859C1FE0C09600295EB5 /* Resources */ = {
			isa = PBXResourcesBuildPhase;
			buildActionMask = 2147483647;
			files = (
			);
			runOnlyForDeploymentPostprocessing = 0;
		};
		188485A71FE0C09600295EB5 /* Resources */ = {
			isa = PBXResourcesBuildPhase;
			buildActionMask = 2147483647;
			files = (
			);
			runOnlyForDeploymentPostprocessing = 0;
		};
/* End PBXResourcesBuildPhase section */

/* Begin PBXShellScriptBuildPhase section */
		CF90093783D44B174C8D2823 /* [CP] Embed Pods Frameworks */ = {
			isa = PBXShellScriptBuildPhase;
			buildActionMask = 2147483647;
			files = (
			);
			inputPaths = (
			);
			name = "[CP] Embed Pods Frameworks";
			outputPaths = (
			);
			runOnlyForDeploymentPostprocessing = 0;
			shellPath = /bin/sh;
			shellScript = "\"${SRCROOT}/Pods/Target Support Files/Pods-iOS_CALayer/Pods-iOS_CALayer-frameworks.sh\"\n";
			showEnvVarsInLog = 0;
		};
		E42DBBB13D1FDD4A9E4C7ED6 /* [CP] Check Pods Manifest.lock */ = {
			isa = PBXShellScriptBuildPhase;
			buildActionMask = 2147483647;
			files = (
			);
			inputPaths = (
				"${PODS_PODFILE_DIR_PATH}/Podfile.lock",
				"${PODS_ROOT}/Manifest.lock",
			);
			name = "[CP] Check Pods Manifest.lock";
			outputPaths = (
				"$(DERIVED_FILE_DIR)/Pods-iOS_CALayer-checkManifestLockResult.txt",
			);
			runOnlyForDeploymentPostprocessing = 0;
			shellPath = /bin/sh;
			shellScript = "diff \"${PODS_PODFILE_DIR_PATH}/Podfile.lock\" \"${PODS_ROOT}/Manifest.lock\" > /dev/null\nif [ $? != 0 ] ; then\n    # print error to STDERR\n    echo \"error: The sandbox is not in sync with the Podfile.lock. Run 'pod install' or update your CocoaPods installation.\" >&2\n    exit 1\nfi\n# This output is used by Xcode 'outputs' to avoid re-running this script phase.\necho \"SUCCESS\" > \"${SCRIPT_OUTPUT_FILE_0}\"\n";
			showEnvVarsInLog = 0;
		};
		F020EE877E7D43102177D6C3 /* [CP] Copy Pods Resources */ = {
			isa = PBXShellScriptBuildPhase;
			buildActionMask = 2147483647;
			files = (
			);
			inputPaths = (
			);
			name = "[CP] Copy Pods Resources";
			outputPaths = (
			);
			runOnlyForDeploymentPostprocessing = 0;
			shellPath = /bin/sh;
			shellScript = "\"${SRCROOT}/Pods/Target Support Files/Pods-iOS_CALayer/Pods-iOS_CALayer-resources.sh\"\n";
			showEnvVarsInLog = 0;
		};
/* End PBXShellScriptBuildPhase section */

/* Begin PBXSourcesBuildPhase section */
		188485821FE0C09600295EB5 /* Sources */ = {
			isa = PBXSourcesBuildPhase;
			buildActionMask = 2147483647;
			files = (
				1884858E1FE0C09600295EB5 /* ViewController.m in Sources */,
				188485FA1FE8E32900295EB5 /* TransformView.m in Sources */,
				188485E31FE65D0200295EB5 /* WaveView.m in Sources */,
				188485C91FE1106E00295EB5 /* TableViewController.m in Sources */,
				188485C11FE0C22E00295EB5 /* PaySuccessView.m in Sources */,
				188485C61FE10E5F00295EB5 /* InstrumentProgressView.m in Sources */,
				188485991FE0C09600295EB5 /* main.m in Sources */,
				188485E61FE686CB00295EB5 /* CircleWaitingView.m in Sources */,
				188485EF1FE7FEF500295EB5 /* RainView.m in Sources */,
				188485F71FE8AC9C00295EB5 /* TiledLayerView.m in Sources */,
				188485F21FE8A2F200295EB5 /* TextLayerView.m in Sources */,
				1884858B1FE0C09600295EB5 /* AppDelegate.m in Sources */,
			);
			runOnlyForDeploymentPostprocessing = 0;
		};
		1884859A1FE0C09600295EB5 /* Sources */ = {
			isa = PBXSourcesBuildPhase;
			buildActionMask = 2147483647;
			files = (
				188485A31FE0C09600295EB5 /* iOS_CALayerTests.m in Sources */,
			);
			runOnlyForDeploymentPostprocessing = 0;
		};
		188485A51FE0C09600295EB5 /* Sources */ = {
			isa = PBXSourcesBuildPhase;
			buildActionMask = 2147483647;
			files = (
				188485AE1FE0C09600295EB5 /* iOS_CALayerUITests.m in Sources */,
			);
			runOnlyForDeploymentPostprocessing = 0;
		};
/* End PBXSourcesBuildPhase section */

/* Begin PBXTargetDependency section */
		188485A01FE0C09600295EB5 /* PBXTargetDependency */ = {
			isa = PBXTargetDependency;
			target = 188485851FE0C09600295EB5 /* iOS_CALayer */;
			targetProxy = 1884859F1FE0C09600295EB5 /* PBXContainerItemProxy */;
		};
		188485AB1FE0C09600295EB5 /* PBXTargetDependency */ = {
			isa = PBXTargetDependency;
			target = 188485851FE0C09600295EB5 /* iOS_CALayer */;
			targetProxy = 188485AA1FE0C09600295EB5 /* PBXContainerItemProxy */;
		};
/* End PBXTargetDependency section */

/* Begin PBXVariantGroup section */
		1884858F1FE0C09600295EB5 /* Main.storyboard */ = {
			isa = PBXVariantGroup;
			children = (
				188485901FE0C09600295EB5 /* Base */,
			);
			name = Main.storyboard;
			sourceTree = "<group>";
		};
		188485941FE0C09600295EB5 /* LaunchScreen.storyboard */ = {
			isa = PBXVariantGroup;
			children = (
				188485951FE0C09600295EB5 /* Base */,
			);
			name = LaunchScreen.storyboard;
			sourceTree = "<group>";
		};
/* End PBXVariantGroup section */

/* Begin XCBuildConfiguration section */
		188485B01FE0C09600295EB5 /* Debug */ = {
			isa = XCBuildConfiguration;
			buildSettings = {
				ALWAYS_SEARCH_USER_PATHS = NO;
				CLANG_ANALYZER_NONNULL = YES;
				CLANG_ANALYZER_NUMBER_OBJECT_CONVERSION = YES_AGGRESSIVE;
				CLANG_CXX_LANGUAGE_STANDARD = "gnu++14";
				CLANG_CXX_LIBRARY = "libc++";
				CLANG_ENABLE_MODULES = YES;
				CLANG_ENABLE_OBJC_ARC = YES;
				CLANG_WARN_BLOCK_CAPTURE_AUTORELEASING = YES;
				CLANG_WARN_BOOL_CONVERSION = YES;
				CLANG_WARN_COMMA = YES;
				CLANG_WARN_CONSTANT_CONVERSION = YES;
				CLANG_WARN_DIRECT_OBJC_ISA_USAGE = YES_ERROR;
				CLANG_WARN_DOCUMENTATION_COMMENTS = YES;
				CLANG_WARN_EMPTY_BODY = YES;
				CLANG_WARN_ENUM_CONVERSION = YES;
				CLANG_WARN_INFINITE_RECURSION = YES;
				CLANG_WARN_INT_CONVERSION = YES;
				CLANG_WARN_NON_LITERAL_NULL_CONVERSION = YES;
				CLANG_WARN_OBJC_LITERAL_CONVERSION = YES;
				CLANG_WARN_OBJC_ROOT_CLASS = YES_ERROR;
				CLANG_WARN_RANGE_LOOP_ANALYSIS = YES;
				CLANG_WARN_STRICT_PROTOTYPES = YES;
				CLANG_WARN_SUSPICIOUS_MOVE = YES;
				CLANG_WARN_UNGUARDED_AVAILABILITY = YES_AGGRESSIVE;
				CLANG_WARN_UNREACHABLE_CODE = YES;
				CLANG_WARN__DUPLICATE_METHOD_MATCH = YES;
				CODE_SIGN_IDENTITY = "iPhone Developer";
				COPY_PHASE_STRIP = NO;
				DEBUG_INFORMATION_FORMAT = dwarf;
				ENABLE_STRICT_OBJC_MSGSEND = YES;
				ENABLE_TESTABILITY = YES;
				GCC_C_LANGUAGE_STANDARD = gnu11;
				GCC_DYNAMIC_NO_PIC = NO;
				GCC_NO_COMMON_BLOCKS = YES;
				GCC_OPTIMIZATION_LEVEL = 0;
				GCC_PREPROCESSOR_DEFINITIONS = (
					"DEBUG=1",
					"$(inherited)",
				);
				GCC_WARN_64_TO_32_BIT_CONVERSION = YES;
				GCC_WARN_ABOUT_RETURN_TYPE = YES_ERROR;
				GCC_WARN_UNDECLARED_SELECTOR = YES;
				GCC_WARN_UNINITIALIZED_AUTOS = YES_AGGRESSIVE;
				GCC_WARN_UNUSED_FUNCTION = YES;
				GCC_WARN_UNUSED_VARIABLE = YES;
				IPHONEOS_DEPLOYMENT_TARGET = 11.1;
				MTL_ENABLE_DEBUG_INFO = YES;
				ONLY_ACTIVE_ARCH = YES;
				SDKROOT = iphoneos;
			};
			name = Debug;
		};
		188485B11FE0C09600295EB5 /* Release */ = {
			isa = XCBuildConfiguration;
			buildSettings = {
				ALWAYS_SEARCH_USER_PATHS = NO;
				CLANG_ANALYZER_NONNULL = YES;
				CLANG_ANALYZER_NUMBER_OBJECT_CONVERSION = YES_AGGRESSIVE;
				CLANG_CXX_LANGUAGE_STANDARD = "gnu++14";
				CLANG_CXX_LIBRARY = "libc++";
				CLANG_ENABLE_MODULES = YES;
				CLANG_ENABLE_OBJC_ARC = YES;
				CLANG_WARN_BLOCK_CAPTURE_AUTORELEASING = YES;
				CLANG_WARN_BOOL_CONVERSION = YES;
				CLANG_WARN_COMMA = YES;
				CLANG_WARN_CONSTANT_CONVERSION = YES;
				CLANG_WARN_DIRECT_OBJC_ISA_USAGE = YES_ERROR;
				CLANG_WARN_DOCUMENTATION_COMMENTS = YES;
				CLANG_WARN_EMPTY_BODY = YES;
				CLANG_WARN_ENUM_CONVERSION = YES;
				CLANG_WARN_INFINITE_RECURSION = YES;
				CLANG_WARN_INT_CONVERSION = YES;
				CLANG_WARN_NON_LITERAL_NULL_CONVERSION = YES;
				CLANG_WARN_OBJC_LITERAL_CONVERSION = YES;
				CLANG_WARN_OBJC_ROOT_CLASS = YES_ERROR;
				CLANG_WARN_RANGE_LOOP_ANALYSIS = YES;
				CLANG_WARN_STRICT_PROTOTYPES = YES;
				CLANG_WARN_SUSPICIOUS_MOVE = YES;
				CLANG_WARN_UNGUARDED_AVAILABILITY = YES_AGGRESSIVE;
				CLANG_WARN_UNREACHABLE_CODE = YES;
				CLANG_WARN__DUPLICATE_METHOD_MATCH = YES;
				CODE_SIGN_IDENTITY = "iPhone Developer";
				COPY_PHASE_STRIP = NO;
				DEBUG_INFORMATION_FORMAT = "dwarf-with-dsym";
				ENABLE_NS_ASSERTIONS = NO;
				ENABLE_STRICT_OBJC_MSGSEND = YES;
				GCC_C_LANGUAGE_STANDARD = gnu11;
				GCC_NO_COMMON_BLOCKS = YES;
				GCC_WARN_64_TO_32_BIT_CONVERSION = YES;
				GCC_WARN_ABOUT_RETURN_TYPE = YES_ERROR;
				GCC_WARN_UNDECLARED_SELECTOR = YES;
				GCC_WARN_UNINITIALIZED_AUTOS = YES_AGGRESSIVE;
				GCC_WARN_UNUSED_FUNCTION = YES;
				GCC_WARN_UNUSED_VARIABLE = YES;
				IPHONEOS_DEPLOYMENT_TARGET = 11.1;
				MTL_ENABLE_DEBUG_INFO = NO;
				SDKROOT = iphoneos;
				VALIDATE_PRODUCT = YES;
			};
			name = Release;
		};
		188485B31FE0C09600295EB5 /* Debug */ = {
			isa = XCBuildConfiguration;
			baseConfigurationReference = 4C0474F4661DCF156B15930B /* Pods-iOS_CALayer.debug.xcconfig */;
			buildSettings = {
				ASSETCATALOG_COMPILER_APPICON_NAME = AppIcon;
				CODE_SIGN_STYLE = Automatic;
				DEVELOPMENT_TEAM = JQFKWK545B;
				INFOPLIST_FILE = iOS_CALayer/Info.plist;
				IPHONEOS_DEPLOYMENT_TARGET = 11.0;
				LD_RUNPATH_SEARCH_PATHS = "$(inherited) @executable_path/Frameworks";
				PRODUCT_BUNDLE_IDENTIFIER = "com.grass.iOS-CALayer";
				PRODUCT_NAME = "$(TARGET_NAME)";
				TARGETED_DEVICE_FAMILY = "1,2";
			};
			name = Debug;
		};
		188485B41FE0C09600295EB5 /* Release */ = {
			isa = XCBuildConfiguration;
			baseConfigurationReference = 8296094A6AF33C34546BE45D /* Pods-iOS_CALayer.release.xcconfig */;
			buildSettings = {
				ASSETCATALOG_COMPILER_APPICON_NAME = AppIcon;
				CODE_SIGN_STYLE = Automatic;
				DEVELOPMENT_TEAM = JQFKWK545B;
				INFOPLIST_FILE = iOS_CALayer/Info.plist;
				IPHONEOS_DEPLOYMENT_TARGET = 11.0;
				LD_RUNPATH_SEARCH_PATHS = "$(inherited) @executable_path/Frameworks";
				PRODUCT_BUNDLE_IDENTIFIER = "com.grass.iOS-CALayer";
				PRODUCT_NAME = "$(TARGET_NAME)";
				TARGETED_DEVICE_FAMILY = "1,2";
			};
			name = Release;
		};
		188485B61FE0C09600295EB5 /* Debug */ = {
			isa = XCBuildConfiguration;
			buildSettings = {
				BUNDLE_LOADER = "$(TEST_HOST)";
				CODE_SIGN_STYLE = Automatic;
				INFOPLIST_FILE = iOS_CALayerTests/Info.plist;
				LD_RUNPATH_SEARCH_PATHS = "$(inherited) @executable_path/Frameworks @loader_path/Frameworks";
				PRODUCT_BUNDLE_IDENTIFIER = "com.grass.iOS-CALayerTests";
				PRODUCT_NAME = "$(TARGET_NAME)";
				TARGETED_DEVICE_FAMILY = "1,2";
				TEST_HOST = "$(BUILT_PRODUCTS_DIR)/iOS_CALayer.app/iOS_CALayer";
			};
			name = Debug;
		};
		188485B71FE0C09600295EB5 /* Release */ = {
			isa = XCBuildConfiguration;
			buildSettings = {
				BUNDLE_LOADER = "$(TEST_HOST)";
				CODE_SIGN_STYLE = Automatic;
				INFOPLIST_FILE = iOS_CALayerTests/Info.plist;
				LD_RUNPATH_SEARCH_PATHS = "$(inherited) @executable_path/Frameworks @loader_path/Frameworks";
				PRODUCT_BUNDLE_IDENTIFIER = "com.grass.iOS-CALayerTests";
				PRODUCT_NAME = "$(TARGET_NAME)";
				TARGETED_DEVICE_FAMILY = "1,2";
				TEST_HOST = "$(BUILT_PRODUCTS_DIR)/iOS_CALayer.app/iOS_CALayer";
			};
			name = Release;
		};
		188485B91FE0C09600295EB5 /* Debug */ = {
			isa = XCBuildConfiguration;
			buildSettings = {
				CODE_SIGN_STYLE = Automatic;
				INFOPLIST_FILE = iOS_CALayerUITests/Info.plist;
				LD_RUNPATH_SEARCH_PATHS = "$(inherited) @executable_path/Frameworks @loader_path/Frameworks";
				PRODUCT_BUNDLE_IDENTIFIER = "com.grass.iOS-CALayerUITests";
				PRODUCT_NAME = "$(TARGET_NAME)";
				TARGETED_DEVICE_FAMILY = "1,2";
				TEST_TARGET_NAME = iOS_CALayer;
			};
			name = Debug;
		};
		188485BA1FE0C09600295EB5 /* Release */ = {
			isa = XCBuildConfiguration;
			buildSettings = {
				CODE_SIGN_STYLE = Automatic;
				INFOPLIST_FILE = iOS_CALayerUITests/Info.plist;
				LD_RUNPATH_SEARCH_PATHS = "$(inherited) @executable_path/Frameworks @loader_path/Frameworks";
				PRODUCT_BUNDLE_IDENTIFIER = "com.grass.iOS-CALayerUITests";
				PRODUCT_NAME = "$(TARGET_NAME)";
				TARGETED_DEVICE_FAMILY = "1,2";
				TEST_TARGET_NAME = iOS_CALayer;
			};
			name = Release;
		};
/* End XCBuildConfiguration section */

/* Begin XCConfigurationList section */
		188485811FE0C09600295EB5 /* Build configuration list for PBXProject "iOS_CALayer" */ = {
			isa = XCConfigurationList;
			buildConfigurations = (
				188485B01FE0C09600295EB5 /* Debug */,
				188485B11FE0C09600295EB5 /* Release */,
			);
			defaultConfigurationIsVisible = 0;
			defaultConfigurationName = Release;
		};
		188485B21FE0C09600295EB5 /* Build configuration list for PBXNativeTarget "iOS_CALayer" */ = {
			isa = XCConfigurationList;
			buildConfigurations = (
				188485B31FE0C09600295EB5 /* Debug */,
				188485B41FE0C09600295EB5 /* Release */,
			);
			defaultConfigurationIsVisible = 0;
			defaultConfigurationName = Release;
		};
		188485B51FE0C09600295EB5 /* Build configuration list for PBXNativeTarget "iOS_CALayerTests" */ = {
			isa = XCConfigurationList;
			buildConfigurations = (
				188485B61FE0C09600295EB5 /* Debug */,
				188485B71FE0C09600295EB5 /* Release */,
			);
			defaultConfigurationIsVisible = 0;
			defaultConfigurationName = Release;
		};
		188485B81FE0C09600295EB5 /* Build configuration list for PBXNativeTarget "iOS_CALayerUITests" */ = {
			isa = XCConfigurationList;
			buildConfigurations = (
				188485B91FE0C09600295EB5 /* Debug */,
				188485BA1FE0C09600295EB5 /* Release */,
			);
			defaultConfigurationIsVisible = 0;
			defaultConfigurationName = Release;
		};
/* End XCConfigurationList section */
	};
	rootObject = 1884857E1FE0C09600295EB5 /* Project object */;
}
